// !$*UTF8*$!
{
	archiveVersion = 1;
	classes = {
	};
	objectVersion = 46;
	objects = {

/* Begin PBXBuildFile section */
		8B1FD54C1A127A050051E61B /* SetttingsViewController.m in Sources */ = {isa = PBXBuildFile; fileRef = 8B1FD54B1A127A050051E61B /* SetttingsViewController.m */; };
		8BCC83E51A0C597400BCAD61 /* main.m in Sources */ = {isa = PBXBuildFile; fileRef = 8BCC83E41A0C597400BCAD61 /* main.m */; };
		8BCC83E81A0C597400BCAD61 /* AppDelegate.m in Sources */ = {isa = PBXBuildFile; fileRef = 8BCC83E71A0C597400BCAD61 /* AppDelegate.m */; };
		8BCC83EE1A0C597400BCAD61 /* Main.storyboard in Resources */ = {isa = PBXBuildFile; fileRef = 8BCC83EC1A0C597400BCAD61 /* Main.storyboard */; };
		8BCC83F01A0C597400BCAD61 /* Images.xcassets in Resources */ = {isa = PBXBuildFile; fileRef = 8BCC83EF1A0C597400BCAD61 /* Images.xcassets */; };
		8BCC83F31A0C597400BCAD61 /* LaunchScreen.xib in Resources */ = {isa = PBXBuildFile; fileRef = 8BCC83F11A0C597400BCAD61 /* LaunchScreen.xib */; };
		8BCC83FF1A0C597400BCAD61 /* TrapSniperTests.m in Sources */ = {isa = PBXBuildFile; fileRef = 8BCC83FE1A0C597400BCAD61 /* TrapSniperTests.m */; };
		8BCC840A1A0C5BD500BCAD61 /* Bolts.framework in Frameworks */ = {isa = PBXBuildFile; fileRef = 8BCC84081A0C5BD500BCAD61 /* Bolts.framework */; };
		8BCC840B1A0C5BD500BCAD61 /* Parse.framework in Frameworks */ = {isa = PBXBuildFile; fileRef = 8BCC84091A0C5BD500BCAD61 /* Parse.framework */; };
		8BCC84171A0C5CB700BCAD61 /* AudioToolbox.framework in Frameworks */ = {isa = PBXBuildFile; fileRef = 8BCC840C1A0C5CB700BCAD61 /* AudioToolbox.framework */; };
		8BCC84181A0C5CB700BCAD61 /* CFNetwork.framework in Frameworks */ = {isa = PBXBuildFile; fileRef = 8BCC840D1A0C5CB700BCAD61 /* CFNetwork.framework */; };
		8BCC84191A0C5CB700BCAD61 /* CoreGraphics.framework in Frameworks */ = {isa = PBXBuildFile; fileRef = 8BCC840E1A0C5CB700BCAD61 /* CoreGraphics.framework */; };
		8BCC841A1A0C5CB700BCAD61 /* CoreLocation.framework in Frameworks */ = {isa = PBXBuildFile; fileRef = 8BCC840F1A0C5CB700BCAD61 /* CoreLocation.framework */; };
		8BCC841B1A0C5CB700BCAD61 /* libz.dylib in Frameworks */ = {isa = PBXBuildFile; fileRef = 8BCC84101A0C5CB700BCAD61 /* libz.dylib */; };
		8BCC841C1A0C5CB700BCAD61 /* MapKit.framework in Frameworks */ = {isa = PBXBuildFile; fileRef = 8BCC84111A0C5CB700BCAD61 /* MapKit.framework */; };
		8BCC841D1A0C5CB700BCAD61 /* MobileCoreServices.framework in Frameworks */ = {isa = PBXBuildFile; fileRef = 8BCC84121A0C5CB700BCAD61 /* MobileCoreServices.framework */; };
		8BCC841E1A0C5CB700BCAD61 /* QuartzCore.framework in Frameworks */ = {isa = PBXBuildFile; fileRef = 8BCC84131A0C5CB700BCAD61 /* QuartzCore.framework */; };
		8BCC841F1A0C5CB700BCAD61 /* Security.framework in Frameworks */ = {isa = PBXBuildFile; fileRef = 8BCC84141A0C5CB700BCAD61 /* Security.framework */; };
		8BCC84201A0C5CB700BCAD61 /* StoreKit.framework in Frameworks */ = {isa = PBXBuildFile; fileRef = 8BCC84151A0C5CB700BCAD61 /* StoreKit.framework */; };
		8BCC84211A0C5CB700BCAD61 /* SystemConfiguration.framework in Frameworks */ = {isa = PBXBuildFile; fileRef = 8BCC84161A0C5CB700BCAD61 /* SystemConfiguration.framework */; };
		8BCC84271A0C840100BCAD61 /* Trap.m in Sources */ = {isa = PBXBuildFile; fileRef = 8BCC84261A0C840100BCAD61 /* Trap.m */; };
		8BCC842A1A0D068B00BCAD61 /* TrapsMapViewController.m in Sources */ = {isa = PBXBuildFile; fileRef = 8BCC84291A0D068B00BCAD61 /* TrapsMapViewController.m */; };
/* End PBXBuildFile section */

/* Begin PBXContainerItemProxy section */
		8BCC83F91A0C597400BCAD61 /* PBXContainerItemProxy */ = {
			isa = PBXContainerItemProxy;
			containerPortal = 8BCC83D71A0C597400BCAD61 /* Project object */;
			proxyType = 1;
			remoteGlobalIDString = 8BCC83DE1A0C597400BCAD61;
			remoteInfo = TrapSniper;
		};
/* End PBXContainerItemProxy section */

/* Begin PBXFileReference section */
		8B1FD54A1A127A050051E61B /* SetttingsViewController.h */ = {isa = PBXFileReference; fileEncoding = 4; lastKnownFileType = sourcecode.c.h; path = SetttingsViewController.h; sourceTree = "<group>"; };
		8B1FD54B1A127A050051E61B /* SetttingsViewController.m */ = {isa = PBXFileReference; fileEncoding = 4; lastKnownFileType = sourcecode.c.objc; path = SetttingsViewController.m; sourceTree = "<group>"; };
		8BCC83DF1A0C597400BCAD61 /* TrapSniper.app */ = {isa = PBXFileReference; explicitFileType = wrapper.application; includeInIndex = 0; path = TrapSniper.app; sourceTree = BUILT_PRODUCTS_DIR; };
		8BCC83E31A0C597400BCAD61 /* Info.plist */ = {isa = PBXFileReference; lastKnownFileType = text.plist.xml; path = Info.plist; sourceTree = "<group>"; };
		8BCC83E41A0C597400BCAD61 /* main.m */ = {isa = PBXFileReference; lastKnownFileType = sourcecode.c.objc; path = main.m; sourceTree = "<group>"; };
		8BCC83E61A0C597400BCAD61 /* AppDelegate.h */ = {isa = PBXFileReference; lastKnownFileType = sourcecode.c.h; path = AppDelegate.h; sourceTree = "<group>"; };
		8BCC83E71A0C597400BCAD61 /* AppDelegate.m */ = {isa = PBXFileReference; lastKnownFileType = sourcecode.c.objc; path = AppDelegate.m; sourceTree = "<group>"; };
		8BCC83ED1A0C597400BCAD61 /* Base */ = {isa = PBXFileReference; lastKnownFileType = file.storyboard; name = Base; path = Base.lproj/Main.storyboard; sourceTree = "<group>"; };
		8BCC83EF1A0C597400BCAD61 /* Images.xcassets */ = {isa = PBXFileReference; lastKnownFileType = folder.assetcatalog; path = Images.xcassets; sourceTree = "<group>"; };
		8BCC83F21A0C597400BCAD61 /* Base */ = {isa = PBXFileReference; lastKnownFileType = file.xib; name = Base; path = Base.lproj/LaunchScreen.xib; sourceTree = "<group>"; };
		8BCC83F81A0C597400BCAD61 /* TrapSniperTests.xctest */ = {isa = PBXFileReference; explicitFileType = wrapper.cfbundle; includeInIndex = 0; path = TrapSniperTests.xctest; sourceTree = BUILT_PRODUCTS_DIR; };
		8BCC83FD1A0C597400BCAD61 /* Info.plist */ = {isa = PBXFileReference; lastKnownFileType = text.plist.xml; path = Info.plist; sourceTree = "<group>"; };
		8BCC83FE1A0C597400BCAD61 /* TrapSniperTests.m */ = {isa = PBXFileReference; lastKnownFileType = sourcecode.c.objc; path = TrapSniperTests.m; sourceTree = "<group>"; };
		8BCC84081A0C5BD500BCAD61 /* Bolts.framework */ = {isa = PBXFileReference; lastKnownFileType = wrapper.framework; path = Bolts.framework; sourceTree = "<group>"; };
		8BCC84091A0C5BD500BCAD61 /* Parse.framework */ = {isa = PBXFileReference; lastKnownFileType = wrapper.framework; path = Parse.framework; sourceTree = "<group>"; };
		8BCC840C1A0C5CB700BCAD61 /* AudioToolbox.framework */ = {isa = PBXFileReference; lastKnownFileType = wrapper.framework; name = AudioToolbox.framework; path = System/Library/Frameworks/AudioToolbox.framework; sourceTree = SDKROOT; };
		8BCC840D1A0C5CB700BCAD61 /* CFNetwork.framework */ = {isa = PBXFileReference; lastKnownFileType = wrapper.framework; name = CFNetwork.framework; path = System/Library/Frameworks/CFNetwork.framework; sourceTree = SDKROOT; };
		8BCC840E1A0C5CB700BCAD61 /* CoreGraphics.framework */ = {isa = PBXFileReference; lastKnownFileType = wrapper.framework; name = CoreGraphics.framework; path = System/Library/Frameworks/CoreGraphics.framework; sourceTree = SDKROOT; };
		8BCC840F1A0C5CB700BCAD61 /* CoreLocation.framework */ = {isa = PBXFileReference; lastKnownFileType = wrapper.framework; name = CoreLocation.framework; path = System/Library/Frameworks/CoreLocation.framework; sourceTree = SDKROOT; };
		8BCC84101A0C5CB700BCAD61 /* libz.dylib */ = {isa = PBXFileReference; lastKnownFileType = "compiled.mach-o.dylib"; name = libz.dylib; path = usr/lib/libz.dylib; sourceTree = SDKROOT; };
		8BCC84111A0C5CB700BCAD61 /* MapKit.framework */ = {isa = PBXFileReference; lastKnownFileType = wrapper.framework; name = MapKit.framework; path = System/Library/Frameworks/MapKit.framework; sourceTree = SDKROOT; };
		8BCC84121A0C5CB700BCAD61 /* MobileCoreServices.framework */ = {isa = PBXFileReference; lastKnownFileType = wrapper.framework; name = MobileCoreServices.framework; path = System/Library/Frameworks/MobileCoreServices.framework; sourceTree = SDKROOT; };
		8BCC84131A0C5CB700BCAD61 /* QuartzCore.framework */ = {isa = PBXFileReference; lastKnownFileType = wrapper.framework; name = QuartzCore.framework; path = System/Library/Frameworks/QuartzCore.framework; sourceTree = SDKROOT; };
		8BCC84141A0C5CB700BCAD61 /* Security.framework */ = {isa = PBXFileReference; lastKnownFileType = wrapper.framework; name = Security.framework; path = System/Library/Frameworks/Security.framework; sourceTree = SDKROOT; };
		8BCC84151A0C5CB700BCAD61 /* StoreKit.framework */ = {isa = PBXFileReference; lastKnownFileType = wrapper.framework; name = StoreKit.framework; path = System/Library/Frameworks/StoreKit.framework; sourceTree = SDKROOT; };
		8BCC84161A0C5CB700BCAD61 /* SystemConfiguration.framework */ = {isa = PBXFileReference; lastKnownFileType = wrapper.framework; name = SystemConfiguration.framework; path = System/Library/Frameworks/SystemConfiguration.framework; sourceTree = SDKROOT; };
		8BCC84251A0C840100BCAD61 /* Trap.h */ = {isa = PBXFileReference; fileEncoding = 4; lastKnownFileType = sourcecode.c.h; path = Trap.h; sourceTree = "<group>"; };
		8BCC84261A0C840100BCAD61 /* Trap.m */ = {isa = PBXFileReference; fileEncoding = 4; lastKnownFileType = sourcecode.c.objc; path = Trap.m; sourceTree = "<group>"; };
		8BCC84281A0D068B00BCAD61 /* TrapsMapViewController.h */ = {isa = PBXFileReference; fileEncoding = 4; lastKnownFileType = sourcecode.c.h; path = TrapsMapViewController.h; sourceTree = "<group>"; };
		8BCC84291A0D068B00BCAD61 /* TrapsMapViewController.m */ = {isa = PBXFileReference; fileEncoding = 4; lastKnownFileType = sourcecode.c.objc; path = TrapsMapViewController.m; sourceTree = "<group>"; };
/* End PBXFileReference section */

/* Begin PBXFrameworksBuildPhase section */
		8BCC83DC1A0C597400BCAD61 /* Frameworks */ = {
			isa = PBXFrameworksBuildPhase;
			buildActionMask = 2147483647;
			files = (
				8BCC84171A0C5CB700BCAD61 /* AudioToolbox.framework in Frameworks */,
				8BCC84181A0C5CB700BCAD61 /* CFNetwork.framework in Frameworks */,
				8BCC84191A0C5CB700BCAD61 /* CoreGraphics.framework in Frameworks */,
				8BCC841A1A0C5CB700BCAD61 /* CoreLocation.framework in Frameworks */,
				8BCC841B1A0C5CB700BCAD61 /* libz.dylib in Frameworks */,
				8BCC841C1A0C5CB700BCAD61 /* MapKit.framework in Frameworks */,
				8BCC841D1A0C5CB700BCAD61 /* MobileCoreServices.framework in Frameworks */,
				8BCC841E1A0C5CB700BCAD61 /* QuartzCore.framework in Frameworks */,
				8BCC841F1A0C5CB700BCAD61 /* Security.framework in Frameworks */,
				8BCC84201A0C5CB700BCAD61 /* StoreKit.framework in Frameworks */,
				8BCC84211A0C5CB700BCAD61 /* SystemConfiguration.framework in Frameworks */,
				8BCC840B1A0C5BD500BCAD61 /* Parse.framework in Frameworks */,
				8BCC840A1A0C5BD500BCAD61 /* Bolts.framework in Frameworks */,
			);
			runOnlyForDeploymentPostprocessing = 0;
		};
		8BCC83F51A0C597400BCAD61 /* Frameworks */ = {
			isa = PBXFrameworksBuildPhase;
			buildActionMask = 2147483647;
			files = (
			);
			runOnlyForDeploymentPostprocessing = 0;
		};
/* End PBXFrameworksBuildPhase section */

/* Begin PBXGroup section */
		8BCC83D61A0C597400BCAD61 = {
			isa = PBXGroup;
			children = (
				8BCC83E11A0C597400BCAD61 /* TrapSniper */,
				8BCC83FB1A0C597400BCAD61 /* TrapSniperTests */,
				8BCC83E01A0C597400BCAD61 /* Products */,
			);
			sourceTree = "<group>";
		};
		8BCC83E01A0C597400BCAD61 /* Products */ = {
			isa = PBXGroup;
			children = (
				8BCC83DF1A0C597400BCAD61 /* TrapSniper.app */,
				8BCC83F81A0C597400BCAD61 /* TrapSniperTests.xctest */,
			);
			name = Products;
			sourceTree = "<group>";
		};
		8BCC83E11A0C597400BCAD61 /* TrapSniper */ = {
			isa = PBXGroup;
			children = (
				8BCC83E61A0C597400BCAD61 /* AppDelegate.h */,
				8BCC83E71A0C597400BCAD61 /* AppDelegate.m */,
				8BCC84281A0D068B00BCAD61 /* TrapsMapViewController.h */,
				8BCC84291A0D068B00BCAD61 /* TrapsMapViewController.m */,
				8B1FD54A1A127A050051E61B /* SetttingsViewController.h */,
				8B1FD54B1A127A050051E61B /* SetttingsViewController.m */,
				8BCC83EC1A0C597400BCAD61 /* Main.storyboard */,
				8BCC83EF1A0C597400BCAD61 /* Images.xcassets */,
				8BCC83F11A0C597400BCAD61 /* LaunchScreen.xib */,
				8BCC83E21A0C597400BCAD61 /* Supporting Files */,
				8BCC84251A0C840100BCAD61 /* Trap.h */,
				8BCC84261A0C840100BCAD61 /* Trap.m */,
			);
			path = TrapSniper;
			sourceTree = "<group>";
		};
		8BCC83E21A0C597400BCAD61 /* Supporting Files */ = {
			isa = PBXGroup;
			children = (
				8BCC840C1A0C5CB700BCAD61 /* AudioToolbox.framework */,
				8BCC840D1A0C5CB700BCAD61 /* CFNetwork.framework */,
				8BCC840E1A0C5CB700BCAD61 /* CoreGraphics.framework */,
				8BCC840F1A0C5CB700BCAD61 /* CoreLocation.framework */,
				8BCC84101A0C5CB700BCAD61 /* libz.dylib */,
				8BCC84111A0C5CB700BCAD61 /* MapKit.framework */,
				8BCC84121A0C5CB700BCAD61 /* MobileCoreServices.framework */,
				8BCC84131A0C5CB700BCAD61 /* QuartzCore.framework */,
				8BCC84141A0C5CB700BCAD61 /* Security.framework */,
				8BCC84151A0C5CB700BCAD61 /* StoreKit.framework */,
				8BCC84161A0C5CB700BCAD61 /* SystemConfiguration.framework */,
				8BCC84081A0C5BD500BCAD61 /* Bolts.framework */,
				8BCC84091A0C5BD500BCAD61 /* Parse.framework */,
				8BCC83E31A0C597400BCAD61 /* Info.plist */,
				8BCC83E41A0C597400BCAD61 /* main.m */,
			);
			name = "Supporting Files";
			sourceTree = "<group>";
		};
		8BCC83FB1A0C597400BCAD61 /* TrapSniperTests */ = {
			isa = PBXGroup;
			children = (
				8BCC83FE1A0C597400BCAD61 /* TrapSniperTests.m */,
				8BCC83FC1A0C597400BCAD61 /* Supporting Files */,
			);
			path = TrapSniperTests;
			sourceTree = "<group>";
		};
		8BCC83FC1A0C597400BCAD61 /* Supporting Files */ = {
			isa = PBXGroup;
			children = (
				8BCC83FD1A0C597400BCAD61 /* Info.plist */,
			);
			name = "Supporting Files";
			sourceTree = "<group>";
		};
/* End PBXGroup section */

/* Begin PBXNativeTarget section */
		8BCC83DE1A0C597400BCAD61 /* TrapSniper */ = {
			isa = PBXNativeTarget;
			buildConfigurationList = 8BCC84021A0C597400BCAD61 /* Build configuration list for PBXNativeTarget "TrapSniper" */;
			buildPhases = (
				8BCC83DB1A0C597400BCAD61 /* Sources */,
				8BCC83DC1A0C597400BCAD61 /* Frameworks */,
				8BCC83DD1A0C597400BCAD61 /* Resources */,
			);
			buildRules = (
			);
			dependencies = (
			);
			name = TrapSniper;
			productName = TrapSniper;
			productReference = 8BCC83DF1A0C597400BCAD61 /* TrapSniper.app */;
			productType = "com.apple.product-type.application";
		};
		8BCC83F71A0C597400BCAD61 /* TrapSniperTests */ = {
			isa = PBXNativeTarget;
			buildConfigurationList = 8BCC84051A0C597400BCAD61 /* Build configuration list for PBXNativeTarget "TrapSniperTests" */;
			buildPhases = (
				8BCC83F41A0C597400BCAD61 /* Sources */,
				8BCC83F51A0C597400BCAD61 /* Frameworks */,
				8BCC83F61A0C597400BCAD61 /* Resources */,
			);
			buildRules = (
			);
			dependencies = (
				8BCC83FA1A0C597400BCAD61 /* PBXTargetDependency */,
			);
			name = TrapSniperTests;
			productName = TrapSniperTests;
			productReference = 8BCC83F81A0C597400BCAD61 /* TrapSniperTests.xctest */;
			productType = "com.apple.product-type.bundle.unit-test";
		};
/* End PBXNativeTarget section */

/* Begin PBXProject section */
		8BCC83D71A0C597400BCAD61 /* Project object */ = {
			isa = PBXProject;
			attributes = {
				LastUpgradeCheck = 0610;
				ORGANIZATIONNAME = "Hai Phung";
				TargetAttributes = {
					8BCC83DE1A0C597400BCAD61 = {
						CreatedOnToolsVersion = 6.1;
					};
					8BCC83F71A0C597400BCAD61 = {
						CreatedOnToolsVersion = 6.1;
						TestTargetID = 8BCC83DE1A0C597400BCAD61;
					};
				};
			};
			buildConfigurationList = 8BCC83DA1A0C597400BCAD61 /* Build configuration list for PBXProject "TrapSniper" */;
			compatibilityVersion = "Xcode 3.2";
			developmentRegion = English;
			hasScannedForEncodings = 0;
			knownRegions = (
				en,
				Base,
			);
			mainGroup = 8BCC83D61A0C597400BCAD61;
			productRefGroup = 8BCC83E01A0C597400BCAD61 /* Products */;
			projectDirPath = "";
			projectRoot = "";
			targets = (
				8BCC83DE1A0C597400BCAD61 /* TrapSniper */,
				8BCC83F71A0C597400BCAD61 /* TrapSniperTests */,
			);
		};
/* End PBXProject section */

/* Begin PBXResourcesBuildPhase section */
		8BCC83DD1A0C597400BCAD61 /* Resources */ = {
			isa = PBXResourcesBuildPhase;
			buildActionMask = 2147483647;
			files = (
				8BCC83EE1A0C597400BCAD61 /* Main.storyboard in Resources */,
				8BCC83F31A0C597400BCAD61 /* LaunchScreen.xib in Resources */,
				8BCC83F01A0C597400BCAD61 /* Images.xcassets in Resources */,
			);
			runOnlyForDeploymentPostprocessing = 0;
		};
		8BCC83F61A0C597400BCAD61 /* Resources */ = {
			isa = PBXResourcesBuildPhase;
			buildActionMask = 2147483647;
			files = (
			);
			runOnlyForDeploymentPostprocessing = 0;
		};
/* End PBXResourcesBuildPhase section */

/* Begin PBXSourcesBuildPhase section */
		8BCC83DB1A0C597400BCAD61 /* Sources */ = {
			isa = PBXSourcesBuildPhase;
			buildActionMask = 2147483647;
			files = (
				8BCC84271A0C840100BCAD61 /* Trap.m in Sources */,
				8BCC842A1A0D068B00BCAD61 /* TrapsMapViewController.m in Sources */,
				8BCC83E81A0C597400BCAD61 /* AppDelegate.m in Sources */,
				8B1FD54C1A127A050051E61B /* SetttingsViewController.m in Sources */,
				8BCC83E51A0C597400BCAD61 /* main.m in Sources */,
			);
			runOnlyForDeploymentPostprocessing = 0;
		};
		8BCC83F41A0C597400BCAD61 /* Sources */ = {
			isa = PBXSourcesBuildPhase;
			buildActionMask = 2147483647;
			files = (
				8BCC83FF1A0C597400BCAD61 /* TrapSniperTests.m in Sources */,
			);
			runOnlyForDeploymentPostprocessing = 0;
		};
/* End PBXSourcesBuildPhase section */

/* Begin PBXTargetDependency section */
		8BCC83FA1A0C597400BCAD61 /* PBXTargetDependency */ = {
			isa = PBXTargetDependency;
			target = 8BCC83DE1A0C597400BCAD61 /* TrapSniper */;
			targetProxy = 8BCC83F91A0C597400BCAD61 /* PBXContainerItemProxy */;
		};
/* End PBXTargetDependency section */

/* Begin PBXVariantGroup section */
		8BCC83EC1A0C597400BCAD61 /* Main.storyboard */ = {
			isa = PBXVariantGroup;
			children = (
				8BCC83ED1A0C597400BCAD61 /* Base */,
			);
			name = Main.storyboard;
			sourceTree = "<group>";
		};
		8BCC83F11A0C597400BCAD61 /* LaunchScreen.xib */ = {
			isa = PBXVariantGroup;
			children = (
				8BCC83F21A0C597400BCAD61 /* Base */,
			);
			name = LaunchScreen.xib;
			sourceTree = "<group>";
		};
/* End PBXVariantGroup section */

/* Begin XCBuildConfiguration section */
		8BCC84001A0C597400BCAD61 /* Debug */ = {
			isa = XCBuildConfiguration;
			buildSettings = {
				ALWAYS_SEARCH_USER_PATHS = NO;
				CLANG_CXX_LANGUAGE_STANDARD = "gnu++0x";
				CLANG_CXX_LIBRARY = "libc++";
				CLANG_ENABLE_MODULES = YES;
				CLANG_ENABLE_OBJC_ARC = YES;
				CLANG_WARN_BOOL_CONVERSION = YES;
				CLANG_WARN_CONSTANT_CONVERSION = YES;
				CLANG_WARN_DIRECT_OBJC_ISA_USAGE = YES_ERROR;
				CLANG_WARN_EMPTY_BODY = YES;
				CLANG_WARN_ENUM_CONVERSION = YES;
				CLANG_WARN_INT_CONVERSION = YES;
				CLANG_WARN_OBJC_ROOT_CLASS = YES_ERROR;
				CLANG_WARN_UNREACHABLE_CODE = YES;
				CLANG_WARN__DUPLICATE_METHOD_MATCH = YES;
				"CODE_SIGN_IDENTITY[sdk=iphoneos*]" = "iPhone Developer";
				COPY_PHASE_STRIP = NO;
				ENABLE_STRICT_OBJC_MSGSEND = YES;
				GCC_C_LANGUAGE_STANDARD = gnu99;
				GCC_DYNAMIC_NO_PIC = NO;
				GCC_OPTIMIZATION_LEVEL = 0;
				GCC_PREPROCESSOR_DEFINITIONS = (
					"DEBUG=1",
					"$(inherited)",
				);
				GCC_SYMBOLS_PRIVATE_EXTERN = NO;
				GCC_WARN_64_TO_32_BIT_CONVERSION = YES;
				GCC_WARN_ABOUT_RETURN_TYPE = YES_ERROR;
				GCC_WARN_UNDECLARED_SELECTOR = YES;
				GCC_WARN_UNINITIALIZED_AUTOS = YES_AGGRESSIVE;
				GCC_WARN_UNUSED_FUNCTION = YES;
				GCC_WARN_UNUSED_VARIABLE = YES;
				IPHONEOS_DEPLOYMENT_TARGET = 8.1;
				MTL_ENABLE_DEBUG_INFO = YES;
				ONLY_ACTIVE_ARCH = YES;
				SDKROOT = iphoneos;
			};
			name = Debug;
		};
		8BCC84011A0C597400BCAD61 /* Release */ = {
			isa = XCBuildConfiguration;
			buildSettings = {
				ALWAYS_SEARCH_USER_PATHS = NO;
				CLANG_CXX_LANGUAGE_STANDARD = "gnu++0x";
				CLANG_CXX_LIBRARY = "libc++";
				CLANG_ENABLE_MODULES = YES;
				CLANG_ENABLE_OBJC_ARC = YES;
				CLANG_WARN_BOOL_CONVERSION = YES;
				CLANG_WARN_CONSTANT_CONVERSION = YES;
				CLANG_WARN_DIRECT_OBJC_ISA_USAGE = YES_ERROR;
				CLANG_WARN_EMPTY_BODY = YES;
				CLANG_WARN_ENUM_CONVERSION = YES;
				CLANG_WARN_INT_CONVERSION = YES;
				CLANG_WARN_OBJC_ROOT_CLASS = YES_ERROR;
				CLANG_WARN_UNREACHABLE_CODE = YES;
				CLANG_WARN__DUPLICATE_METHOD_MATCH = YES;
				"CODE_SIGN_IDENTITY[sdk=iphoneos*]" = "iPhone Developer";
				COPY_PHASE_STRIP = YES;
				ENABLE_NS_ASSERTIONS = NO;
				ENABLE_STRICT_OBJC_MSGSEND = YES;
				GCC_C_LANGUAGE_STANDARD = gnu99;
				GCC_WARN_64_TO_32_BIT_CONVERSION = YES;
				GCC_WARN_ABOUT_RETURN_TYPE = YES_ERROR;
				GCC_WARN_UNDECLARED_SELECTOR = YES;
				GCC_WARN_UNINITIALIZED_AUTOS = YES_AGGRESSIVE;
				GCC_WARN_UNUSED_FUNCTION = YES;
				GCC_WARN_UNUSED_VARIABLE = YES;
				IPHONEOS_DEPLOYMENT_TARGET = 8.1;
				MTL_ENABLE_DEBUG_INFO = NO;
				SDKROOT = iphoneos;
				VALIDATE_PRODUCT = YES;
			};
			name = Release;
		};
		8BCC84031A0C597400BCAD61 /* Debug */ = {
			isa = XCBuildConfiguration;
			buildSettings = {
				ASSETCATALOG_COMPILER_APPICON_NAME = AppIcon;
				FRAMEWORK_SEARCH_PATHS = (
					"$(inherited)",
					"$(PROJECT_DIR)/TrapSniper",
				);
				INFOPLIST_FILE = TrapSniper/Info.plist;
				LD_RUNPATH_SEARCH_PATHS = "$(inherited) @executable_path/Frameworks";
				PRODUCT_NAME = "$(TARGET_NAME)";
			};
			name = Debug;
		};
		8BCC84041A0C597400BCAD61 /* Release */ = {
			isa = XCBuildConfiguration;
			buildSettings = {
				ASSETCATALOG_COMPILER_APPICON_NAME = AppIcon;
				FRAMEWORK_SEARCH_PATHS = (
					"$(inherited)",
					"$(PROJECT_DIR)/TrapSniper",
				);
				INFOPLIST_FILE = TrapSniper/Info.plist;
				LD_RUNPATH_SEARCH_PATHS = "$(inherited) @executable_path/Frameworks";
				PRODUCT_NAME = "$(TARGET_NAME)";
			};
			name = Release;
		};
		8BCC84061A0C597400BCAD61 /* Debug */ = {
			isa = XCBuildConfiguration;
			buildSettings = {
				BUNDLE_LOADER = "$(TEST_HOST)";
				FRAMEWORK_SEARCH_PATHS = (
					"$(SDKROOT)/Developer/Library/Frameworks",
					"$(inherited)",
				);
				GCC_PREPROCESSOR_DEFINITIONS = (
					"DEBUG=1",
					"$(inherited)",
				);
				INFOPLIST_FILE = TrapSniperTests/Info.plist;
				LD_RUNPATH_SEARCH_PATHS = "$(inherited) @executable_path/Frameworks @loader_path/Frameworks";
				PRODUCT_NAME = "$(TARGET_NAME)";
				TEST_HOST = "$(BUILT_PRODUCTS_DIR)/TrapSniper.app/TrapSniper";
			};
			name = Debug;
		};
		8BCC84071A0C597400BCAD61 /* Release */ = {
			isa = XCBuildConfiguration;
			buildSettings = {
				BUNDLE_LOADER = "$(TEST_HOST)";
				FRAMEWORK_SEARCH_PATHS = (
					"$(SDKROOT)/Developer/Library/Frameworks",
					"$(inherited)",
				);
				INFOPLIST_FILE = TrapSniperTests/Info.plist;
				LD_RUNPATH_SEARCH_PATHS = "$(inherited) @executable_path/Frameworks @loader_path/Frameworks";
				PRODUCT_NAME = "$(TARGET_NAME)";
				TEST_HOST = "$(BUILT_PRODUCTS_DIR)/TrapSniper.app/TrapSniper";
			};
			name = Release;
		};
/* End XCBuildConfiguration section */

/* Begin XCConfigurationList section */
		8BCC83DA1A0C597400BCAD61 /* Build configuration list for PBXProject "TrapSniper" */ = {
			isa = XCConfigurationList;
			buildConfigurations = (
				8BCC84001A0C597400BCAD61 /* Debug */,
				8BCC84011A0C597400BCAD61 /* Release */,
			);
			defaultConfigurationIsVisible = 0;
			defaultConfigurationName = Release;
		};
		8BCC84021A0C597400BCAD61 /* Build configuration list for PBXNativeTarget "TrapSniper" */ = {
			isa = XCConfigurationList;
			buildConfigurations = (
				8BCC84031A0C597400BCAD61 /* Debug */,
				8BCC84041A0C597400BCAD61 /* Release */,
			);
			defaultConfigurationIsVisible = 0;
			defaultConfigurationName = Release;
		};
		8BCC84051A0C597400BCAD61 /* Build configuration list for PBXNativeTarget "TrapSniperTests" */ = {
			isa = XCConfigurationList;
			buildConfigurations = (
				8BCC84061A0C597400BCAD61 /* Debug */,
				8BCC84071A0C597400BCAD61 /* Release */,
			);
			defaultConfigurationIsVisible = 0;
			defaultConfigurationName = Release;
		};
/* End XCConfigurationList section */
	};
	rootObject = 8BCC83D71A0C597400BCAD61 /* Project object */;
}
