<?xml version="1.0" encoding="UTF-8"?>
<!DOCTYPE plist PUBLIC "-//Apple//DTD PLIST 1.0//EN" "http://www.apple.com/DTDs/PropertyList-1.0.dtd">
<plist version="1.0">
<dict>
	<key>archiveVersion</key>
	<string>1</string>
	<key>classes</key>
	<dict/>
	<key>objectVersion</key>
	<string>46</string>
	<key>objects</key>
	<dict>
		<key>0067AC815CFE1D94623E6136</key>
		<dict>
			<key>includeInIndex</key>
			<string>1</string>
			<key>isa</key>
			<string>PBXFileReference</string>
			<key>lastKnownFileType</key>
			<string>text.xcconfig</string>
			<key>name</key>
			<string>Pods.release.xcconfig</string>
			<key>path</key>
			<string>Pods/Target Support Files/Pods/Pods.release.xcconfig</string>
			<key>sourceTree</key>
			<string>&lt;group&gt;</string>
		</dict>
		<key>3201D54DBA97D7E6F8E70503</key>
		<dict>
			<key>buildActionMask</key>
			<string>2147483647</string>
			<key>files</key>
			<array/>
			<key>inputPaths</key>
			<array/>
			<key>isa</key>
			<string>PBXShellScriptBuildPhase</string>
			<key>name</key>
			<string>Check Pods Manifest.lock</string>
			<key>outputPaths</key>
			<array/>
			<key>runOnlyForDeploymentPostprocessing</key>
			<string>0</string>
			<key>shellPath</key>
			<string>/bin/sh</string>
			<key>shellScript</key>
			<string>diff "${PODS_ROOT}/../Podfile.lock" "${PODS_ROOT}/Manifest.lock" &gt; /dev/null
if [[ $? != 0 ]] ; then
    cat &lt;&lt; EOM
error: The sandbox is not in sync with the Podfile.lock. Run 'pod install' or update your CocoaPods installation.
EOM
    exit 1
fi
</string>
			<key>showEnvVarsInLog</key>
			<string>0</string>
		</dict>
		<key>597880A0706691FBDF9C28BB</key>
		<dict>
			<key>children</key>
			<array>
				<string>AF4DC10836B439FC41783E8A</string>
			</array>
			<key>isa</key>
			<string>PBXGroup</string>
			<key>name</key>
			<string>Frameworks</string>
			<key>sourceTree</key>
			<string>&lt;group&gt;</string>
		</dict>
		<key>627E088BCD0F55DC980D4BE9</key>
		<dict>
			<key>includeInIndex</key>
			<string>1</string>
			<key>isa</key>
			<string>PBXFileReference</string>
			<key>lastKnownFileType</key>
			<string>text.xcconfig</string>
			<key>name</key>
			<string>Pods.debug.xcconfig</string>
			<key>path</key>
			<string>Pods/Target Support Files/Pods/Pods.debug.xcconfig</string>
			<key>sourceTree</key>
			<string>&lt;group&gt;</string>
		</dict>
		<key>8B1FD54A1A127A050051E61B</key>
		<dict>
			<key>fileEncoding</key>
			<string>4</string>
			<key>isa</key>
			<string>PBXFileReference</string>
			<key>lastKnownFileType</key>
			<string>sourcecode.c.h</string>
			<key>path</key>
			<string>SetttingsViewController.h</string>
			<key>sourceTree</key>
			<string>&lt;group&gt;</string>
		</dict>
		<key>8B1FD54B1A127A050051E61B</key>
		<dict>
			<key>fileEncoding</key>
			<string>4</string>
			<key>isa</key>
			<string>PBXFileReference</string>
			<key>lastKnownFileType</key>
			<string>sourcecode.c.objc</string>
			<key>path</key>
			<string>SetttingsViewController.m</string>
			<key>sourceTree</key>
			<string>&lt;group&gt;</string>
		</dict>
		<key>8B1FD54C1A127A050051E61B</key>
		<dict>
			<key>fileRef</key>
			<string>8B1FD54B1A127A050051E61B</string>
			<key>isa</key>
			<string>PBXBuildFile</string>
		</dict>
		<key>8BCC83D61A0C597400BCAD61</key>
		<dict>
			<key>children</key>
			<array>
				<string>8BCC83E11A0C597400BCAD61</string>
				<string>8BCC83FB1A0C597400BCAD61</string>
				<string>8BCC83E01A0C597400BCAD61</string>
				<string>92B2BE2E9F69D6B0743E3409</string>
				<string>597880A0706691FBDF9C28BB</string>
			</array>
			<key>isa</key>
			<string>PBXGroup</string>
			<key>sourceTree</key>
			<string>&lt;group&gt;</string>
		</dict>
		<key>8BCC83D71A0C597400BCAD61</key>
		<dict>
			<key>attributes</key>
			<dict>
				<key>LastUpgradeCheck</key>
				<string>0610</string>
				<key>ORGANIZATIONNAME</key>
				<string>Hai Phung</string>
				<key>TargetAttributes</key>
				<dict>
					<key>8BCC83DE1A0C597400BCAD61</key>
					<dict>
						<key>CreatedOnToolsVersion</key>
						<string>6.1</string>
					</dict>
					<key>8BCC83F71A0C597400BCAD61</key>
					<dict>
						<key>CreatedOnToolsVersion</key>
						<string>6.1</string>
						<key>TestTargetID</key>
						<string>8BCC83DE1A0C597400BCAD61</string>
					</dict>
				</dict>
			</dict>
			<key>buildConfigurationList</key>
			<string>8BCC83DA1A0C597400BCAD61</string>
			<key>compatibilityVersion</key>
			<string>Xcode 3.2</string>
			<key>developmentRegion</key>
			<string>English</string>
			<key>hasScannedForEncodings</key>
			<string>0</string>
			<key>isa</key>
			<string>PBXProject</string>
			<key>knownRegions</key>
			<array>
				<string>en</string>
				<string>Base</string>
			</array>
			<key>mainGroup</key>
			<string>8BCC83D61A0C597400BCAD61</string>
			<key>productRefGroup</key>
			<string>8BCC83E01A0C597400BCAD61</string>
			<key>projectDirPath</key>
			<string></string>
			<key>projectReferences</key>
			<array/>
			<key>projectRoot</key>
			<string></string>
			<key>targets</key>
			<array>
				<string>8BCC83DE1A0C597400BCAD61</string>
				<string>8BCC83F71A0C597400BCAD61</string>
			</array>
		</dict>
		<key>8BCC83DA1A0C597400BCAD61</key>
		<dict>
			<key>buildConfigurations</key>
			<array>
				<string>8BCC84001A0C597400BCAD61</string>
				<string>8BCC84011A0C597400BCAD61</string>
			</array>
			<key>defaultConfigurationIsVisible</key>
			<string>0</string>
			<key>defaultConfigurationName</key>
			<string>Release</string>
			<key>isa</key>
			<string>XCConfigurationList</string>
		</dict>
		<key>8BCC83DB1A0C597400BCAD61</key>
		<dict>
			<key>buildActionMask</key>
			<string>2147483647</string>
			<key>files</key>
			<array>
				<string>8BCC84271A0C840100BCAD61</string>
				<string>8BCC842A1A0D068B00BCAD61</string>
				<string>8BCC83E81A0C597400BCAD61</string>
				<string>8B1FD54C1A127A050051E61B</string>
				<string>8BCC83E51A0C597400BCAD61</string>
			</array>
			<key>isa</key>
			<string>PBXSourcesBuildPhase</string>
			<key>runOnlyForDeploymentPostprocessing</key>
			<string>0</string>
		</dict>
		<key>8BCC83DC1A0C597400BCAD61</key>
		<dict>
			<key>buildActionMask</key>
			<string>2147483647</string>
			<key>files</key>
			<array>
				<string>8BCC84171A0C5CB700BCAD61</string>
				<string>8BCC84181A0C5CB700BCAD61</string>
				<string>8BCC84191A0C5CB700BCAD61</string>
				<string>8BCC841A1A0C5CB700BCAD61</string>
				<string>8BCC841B1A0C5CB700BCAD61</string>
				<string>8BCC841C1A0C5CB700BCAD61</string>
				<string>8BCC841D1A0C5CB700BCAD61</string>
				<string>8BCC841E1A0C5CB700BCAD61</string>
				<string>8BCC841F1A0C5CB700BCAD61</string>
				<string>8BCC84201A0C5CB700BCAD61</string>
				<string>8BCC84211A0C5CB700BCAD61</string>
				<string>8BCC840B1A0C5BD500BCAD61</string>
				<string>8BCC840A1A0C5BD500BCAD61</string>
				<string>F618B075A4D7852D176211C8</string>
			</array>
			<key>isa</key>
			<string>PBXFrameworksBuildPhase</string>
			<key>runOnlyForDeploymentPostprocessing</key>
			<string>0</string>
		</dict>
		<key>8BCC83DD1A0C597400BCAD61</key>
		<dict>
			<key>buildActionMask</key>
			<string>2147483647</string>
			<key>files</key>
			<array>
				<string>8BCC83EE1A0C597400BCAD61</string>
				<string>8BCC83F31A0C597400BCAD61</string>
				<string>8BCC83F01A0C597400BCAD61</string>
			</array>
			<key>isa</key>
			<string>PBXResourcesBuildPhase</string>
			<key>runOnlyForDeploymentPostprocessing</key>
			<string>0</string>
		</dict>
		<key>8BCC83DE1A0C597400BCAD61</key>
		<dict>
			<key>buildConfigurationList</key>
			<string>8BCC84021A0C597400BCAD61</string>
			<key>buildPhases</key>
			<array>
				<string>3201D54DBA97D7E6F8E70503</string>
				<string>8BCC83DB1A0C597400BCAD61</string>
				<string>8BCC83DC1A0C597400BCAD61</string>
				<string>8BCC83DD1A0C597400BCAD61</string>
				<string>A4C64FB7F074740271598C8D</string>
			</array>
			<key>buildRules</key>
			<array/>
			<key>dependencies</key>
			<array/>
			<key>isa</key>
			<string>PBXNativeTarget</string>
			<key>name</key>
			<string>TrapSniper</string>
			<key>productName</key>
			<string>TrapSniper</string>
			<key>productReference</key>
			<string>8BCC83DF1A0C597400BCAD61</string>
			<key>productType</key>
			<string>com.apple.product-type.application</string>
		</dict>
		<key>8BCC83DF1A0C597400BCAD61</key>
		<dict>
			<key>explicitFileType</key>
			<string>wrapper.application</string>
			<key>includeInIndex</key>
			<string>0</string>
			<key>isa</key>
			<string>PBXFileReference</string>
			<key>path</key>
			<string>TrapSniper.app</string>
			<key>sourceTree</key>
			<string>BUILT_PRODUCTS_DIR</string>
		</dict>
		<key>8BCC83E01A0C597400BCAD61</key>
		<dict>
			<key>children</key>
			<array>
				<string>8BCC83DF1A0C597400BCAD61</string>
				<string>8BCC83F81A0C597400BCAD61</string>
			</array>
			<key>isa</key>
			<string>PBXGroup</string>
			<key>name</key>
			<string>Products</string>
			<key>sourceTree</key>
			<string>&lt;group&gt;</string>
		</dict>
		<key>8BCC83E11A0C597400BCAD61</key>
		<dict>
			<key>children</key>
			<array>
				<string>8BCC83E61A0C597400BCAD61</string>
				<string>8BCC83E71A0C597400BCAD61</string>
				<string>8BCC84281A0D068B00BCAD61</string>
				<string>8BCC84291A0D068B00BCAD61</string>
				<string>8B1FD54A1A127A050051E61B</string>
				<string>8B1FD54B1A127A050051E61B</string>
				<string>8BCC83EC1A0C597400BCAD61</string>
				<string>8BCC83EF1A0C597400BCAD61</string>
				<string>8BCC83F11A0C597400BCAD61</string>
				<string>8BCC83E21A0C597400BCAD61</string>
				<string>8BCC84251A0C840100BCAD61</string>
				<string>8BCC84261A0C840100BCAD61</string>
			</array>
			<key>isa</key>
			<string>PBXGroup</string>
			<key>path</key>
			<string>TrapSniper</string>
			<key>sourceTree</key>
			<string>&lt;group&gt;</string>
		</dict>
		<key>8BCC83E21A0C597400BCAD61</key>
		<dict>
			<key>children</key>
			<array>
				<string>8BCC840C1A0C5CB700BCAD61</string>
				<string>8BCC840D1A0C5CB700BCAD61</string>
				<string>8BCC840E1A0C5CB700BCAD61</string>
				<string>8BCC840F1A0C5CB700BCAD61</string>
				<string>8BCC84101A0C5CB700BCAD61</string>
				<string>8BCC84111A0C5CB700BCAD61</string>
				<string>8BCC84121A0C5CB700BCAD61</string>
				<string>8BCC84131A0C5CB700BCAD61</string>
				<string>8BCC84141A0C5CB700BCAD61</string>
				<string>8BCC84151A0C5CB700BCAD61</string>
				<string>8BCC84161A0C5CB700BCAD61</string>
				<string>8BCC84081A0C5BD500BCAD61</string>
				<string>8BCC84091A0C5BD500BCAD61</string>
				<string>8BCC83E31A0C597400BCAD61</string>
				<string>8BCC83E41A0C597400BCAD61</string>
			</array>
			<key>isa</key>
			<string>PBXGroup</string>
			<key>name</key>
			<string>Supporting Files</string>
			<key>sourceTree</key>
			<string>&lt;group&gt;</string>
		</dict>
		<key>8BCC83E31A0C597400BCAD61</key>
		<dict>
			<key>isa</key>
			<string>PBXFileReference</string>
			<key>lastKnownFileType</key>
			<string>text.plist.xml</string>
			<key>path</key>
			<string>Info.plist</string>
			<key>sourceTree</key>
			<string>&lt;group&gt;</string>
		</dict>
		<key>8BCC83E41A0C597400BCAD61</key>
		<dict>
			<key>isa</key>
			<string>PBXFileReference</string>
			<key>lastKnownFileType</key>
			<string>sourcecode.c.objc</string>
			<key>path</key>
			<string>main.m</string>
			<key>sourceTree</key>
			<string>&lt;group&gt;</string>
		</dict>
		<key>8BCC83E51A0C597400BCAD61</key>
		<dict>
			<key>fileRef</key>
			<string>8BCC83E41A0C597400BCAD61</string>
			<key>isa</key>
			<string>PBXBuildFile</string>
		</dict>
		<key>8BCC83E61A0C597400BCAD61</key>
		<dict>
			<key>isa</key>
			<string>PBXFileReference</string>
			<key>lastKnownFileType</key>
			<string>sourcecode.c.h</string>
			<key>path</key>
			<string>AppDelegate.h</string>
			<key>sourceTree</key>
			<string>&lt;group&gt;</string>
		</dict>
		<key>8BCC83E71A0C597400BCAD61</key>
		<dict>
			<key>isa</key>
			<string>PBXFileReference</string>
			<key>lastKnownFileType</key>
			<string>sourcecode.c.objc</string>
			<key>path</key>
			<string>AppDelegate.m</string>
			<key>sourceTree</key>
			<string>&lt;group&gt;</string>
		</dict>
		<key>8BCC83E81A0C597400BCAD61</key>
		<dict>
			<key>fileRef</key>
			<string>8BCC83E71A0C597400BCAD61</string>
			<key>isa</key>
			<string>PBXBuildFile</string>
		</dict>
		<key>8BCC83EC1A0C597400BCAD61</key>
		<dict>
			<key>children</key>
			<array>
				<string>8BCC83ED1A0C597400BCAD61</string>
			</array>
			<key>isa</key>
			<string>PBXVariantGroup</string>
			<key>name</key>
			<string>Main.storyboard</string>
			<key>sourceTree</key>
			<string>&lt;group&gt;</string>
		</dict>
		<key>8BCC83ED1A0C597400BCAD61</key>
		<dict>
			<key>isa</key>
			<string>PBXFileReference</string>
			<key>lastKnownFileType</key>
			<string>file.storyboard</string>
			<key>name</key>
			<string>Base</string>
			<key>path</key>
			<string>Base.lproj/Main.storyboard</string>
			<key>sourceTree</key>
			<string>&lt;group&gt;</string>
		</dict>
		<key>8BCC83EE1A0C597400BCAD61</key>
		<dict>
			<key>fileRef</key>
			<string>8BCC83EC1A0C597400BCAD61</string>
			<key>isa</key>
			<string>PBXBuildFile</string>
		</dict>
		<key>8BCC83EF1A0C597400BCAD61</key>
		<dict>
			<key>isa</key>
			<string>PBXFileReference</string>
			<key>lastKnownFileType</key>
			<string>folder.assetcatalog</string>
			<key>path</key>
			<string>Images.xcassets</string>
			<key>sourceTree</key>
			<string>&lt;group&gt;</string>
		</dict>
		<key>8BCC83F01A0C597400BCAD61</key>
		<dict>
			<key>fileRef</key>
			<string>8BCC83EF1A0C597400BCAD61</string>
			<key>isa</key>
			<string>PBXBuildFile</string>
		</dict>
		<key>8BCC83F11A0C597400BCAD61</key>
		<dict>
			<key>children</key>
			<array>
				<string>8BCC83F21A0C597400BCAD61</string>
			</array>
			<key>isa</key>
			<string>PBXVariantGroup</string>
			<key>name</key>
			<string>LaunchScreen.xib</string>
			<key>sourceTree</key>
			<string>&lt;group&gt;</string>
		</dict>
		<key>8BCC83F21A0C597400BCAD61</key>
		<dict>
			<key>isa</key>
			<string>PBXFileReference</string>
			<key>lastKnownFileType</key>
			<string>file.xib</string>
			<key>name</key>
			<string>Base</string>
			<key>path</key>
			<string>Base.lproj/LaunchScreen.xib</string>
			<key>sourceTree</key>
			<string>&lt;group&gt;</string>
		</dict>
		<key>8BCC83F31A0C597400BCAD61</key>
		<dict>
			<key>fileRef</key>
			<string>8BCC83F11A0C597400BCAD61</string>
			<key>isa</key>
			<string>PBXBuildFile</string>
		</dict>
		<key>8BCC83F41A0C597400BCAD61</key>
		<dict>
			<key>buildActionMask</key>
			<string>2147483647</string>
			<key>files</key>
			<array>
				<string>8BCC83FF1A0C597400BCAD61</string>
			</array>
			<key>isa</key>
			<string>PBXSourcesBuildPhase</string>
			<key>runOnlyForDeploymentPostprocessing</key>
			<string>0</string>
		</dict>
		<key>8BCC83F51A0C597400BCAD61</key>
		<dict>
			<key>buildActionMask</key>
			<string>2147483647</string>
			<key>files</key>
			<array/>
			<key>isa</key>
			<string>PBXFrameworksBuildPhase</string>
			<key>runOnlyForDeploymentPostprocessing</key>
			<string>0</string>
		</dict>
		<key>8BCC83F61A0C597400BCAD61</key>
		<dict>
			<key>buildActionMask</key>
			<string>2147483647</string>
			<key>files</key>
			<array/>
			<key>isa</key>
			<string>PBXResourcesBuildPhase</string>
			<key>runOnlyForDeploymentPostprocessing</key>
			<string>0</string>
		</dict>
		<key>8BCC83F71A0C597400BCAD61</key>
		<dict>
			<key>buildConfigurationList</key>
			<string>8BCC84051A0C597400BCAD61</string>
			<key>buildPhases</key>
			<array>
				<string>8BCC83F41A0C597400BCAD61</string>
				<string>8BCC83F51A0C597400BCAD61</string>
				<string>8BCC83F61A0C597400BCAD61</string>
			</array>
			<key>buildRules</key>
			<array/>
			<key>dependencies</key>
			<array>
				<string>8BCC83FA1A0C597400BCAD61</string>
			</array>
			<key>isa</key>
			<string>PBXNativeTarget</string>
			<key>name</key>
			<string>TrapSniperTests</string>
			<key>productName</key>
			<string>TrapSniperTests</string>
			<key>productReference</key>
			<string>8BCC83F81A0C597400BCAD61</string>
			<key>productType</key>
			<string>com.apple.product-type.bundle.unit-test</string>
		</dict>
		<key>8BCC83F81A0C597400BCAD61</key>
		<dict>
			<key>explicitFileType</key>
			<string>wrapper.cfbundle</string>
			<key>includeInIndex</key>
			<string>0</string>
			<key>isa</key>
			<string>PBXFileReference</string>
			<key>path</key>
			<string>TrapSniperTests.xctest</string>
			<key>sourceTree</key>
			<string>BUILT_PRODUCTS_DIR</string>
		</dict>
		<key>8BCC83F91A0C597400BCAD61</key>
		<dict>
			<key>containerPortal</key>
			<string>8BCC83D71A0C597400BCAD61</string>
			<key>isa</key>
			<string>PBXContainerItemProxy</string>
			<key>proxyType</key>
			<string>1</string>
			<key>remoteGlobalIDString</key>
			<string>8BCC83DE1A0C597400BCAD61</string>
			<key>remoteInfo</key>
			<string>TrapSniper</string>
		</dict>
		<key>8BCC83FA1A0C597400BCAD61</key>
		<dict>
			<key>isa</key>
			<string>PBXTargetDependency</string>
			<key>target</key>
			<string>8BCC83DE1A0C597400BCAD61</string>
			<key>targetProxy</key>
			<string>8BCC83F91A0C597400BCAD61</string>
		</dict>
		<key>8BCC83FB1A0C597400BCAD61</key>
		<dict>
			<key>children</key>
			<array>
				<string>8BCC83FE1A0C597400BCAD61</string>
				<string>8BCC83FC1A0C597400BCAD61</string>
			</array>
			<key>isa</key>
			<string>PBXGroup</string>
			<key>path</key>
			<string>TrapSniperTests</string>
			<key>sourceTree</key>
			<string>&lt;group&gt;</string>
		</dict>
		<key>8BCC83FC1A0C597400BCAD61</key>
		<dict>
			<key>children</key>
			<array>
				<string>8BCC83FD1A0C597400BCAD61</string>
			</array>
			<key>isa</key>
			<string>PBXGroup</string>
			<key>name</key>
			<string>Supporting Files</string>
			<key>sourceTree</key>
			<string>&lt;group&gt;</string>
		</dict>
		<key>8BCC83FD1A0C597400BCAD61</key>
		<dict>
			<key>isa</key>
			<string>PBXFileReference</string>
			<key>lastKnownFileType</key>
			<string>text.plist.xml</string>
			<key>path</key>
			<string>Info.plist</string>
			<key>sourceTree</key>
			<string>&lt;group&gt;</string>
		</dict>
		<key>8BCC83FE1A0C597400BCAD61</key>
		<dict>
			<key>isa</key>
			<string>PBXFileReference</string>
			<key>lastKnownFileType</key>
			<string>sourcecode.c.objc</string>
			<key>path</key>
			<string>TrapSniperTests.m</string>
			<key>sourceTree</key>
			<string>&lt;group&gt;</string>
		</dict>
		<key>8BCC83FF1A0C597400BCAD61</key>
		<dict>
			<key>fileRef</key>
			<string>8BCC83FE1A0C597400BCAD61</string>
			<key>isa</key>
			<string>PBXBuildFile</string>
		</dict>
		<key>8BCC84001A0C597400BCAD61</key>
		<dict>
			<key>buildSettings</key>
			<dict>
				<key>ALWAYS_SEARCH_USER_PATHS</key>
				<string>NO</string>
				<key>CLANG_CXX_LANGUAGE_STANDARD</key>
				<string>gnu++0x</string>
				<key>CLANG_CXX_LIBRARY</key>
				<string>libc++</string>
				<key>CLANG_ENABLE_MODULES</key>
				<string>YES</string>
				<key>CLANG_ENABLE_OBJC_ARC</key>
				<string>YES</string>
				<key>CLANG_WARN_BOOL_CONVERSION</key>
				<string>YES</string>
				<key>CLANG_WARN_CONSTANT_CONVERSION</key>
				<string>YES</string>
				<key>CLANG_WARN_DIRECT_OBJC_ISA_USAGE</key>
				<string>YES_ERROR</string>
				<key>CLANG_WARN_EMPTY_BODY</key>
				<string>YES</string>
				<key>CLANG_WARN_ENUM_CONVERSION</key>
				<string>YES</string>
				<key>CLANG_WARN_INT_CONVERSION</key>
				<string>YES</string>
				<key>CLANG_WARN_OBJC_ROOT_CLASS</key>
				<string>YES_ERROR</string>
				<key>CLANG_WARN_UNREACHABLE_CODE</key>
				<string>YES</string>
				<key>CLANG_WARN__DUPLICATE_METHOD_MATCH</key>
				<string>YES</string>
				<key>CODE_SIGN_IDENTITY[sdk=iphoneos*]</key>
				<string>iPhone Developer</string>
				<key>COPY_PHASE_STRIP</key>
				<string>NO</string>
				<key>ENABLE_STRICT_OBJC_MSGSEND</key>
				<string>YES</string>
				<key>GCC_C_LANGUAGE_STANDARD</key>
				<string>gnu99</string>
				<key>GCC_DYNAMIC_NO_PIC</key>
				<string>NO</string>
				<key>GCC_OPTIMIZATION_LEVEL</key>
				<string>0</string>
				<key>GCC_PREPROCESSOR_DEFINITIONS</key>
				<array>
					<string>DEBUG=1</string>
					<string>$(inherited)</string>
				</array>
				<key>GCC_SYMBOLS_PRIVATE_EXTERN</key>
				<string>NO</string>
				<key>GCC_WARN_64_TO_32_BIT_CONVERSION</key>
				<string>YES</string>
				<key>GCC_WARN_ABOUT_RETURN_TYPE</key>
				<string>YES_ERROR</string>
				<key>GCC_WARN_UNDECLARED_SELECTOR</key>
				<string>YES</string>
				<key>GCC_WARN_UNINITIALIZED_AUTOS</key>
				<string>YES_AGGRESSIVE</string>
				<key>GCC_WARN_UNUSED_FUNCTION</key>
				<string>YES</string>
				<key>GCC_WARN_UNUSED_VARIABLE</key>
				<string>YES</string>
				<key>IPHONEOS_DEPLOYMENT_TARGET</key>
				<string>8.1</string>
				<key>MTL_ENABLE_DEBUG_INFO</key>
				<string>YES</string>
				<key>ONLY_ACTIVE_ARCH</key>
				<string>YES</string>
				<key>SDKROOT</key>
				<string>iphoneos</string>
			</dict>
			<key>isa</key>
			<string>XCBuildConfiguration</string>
			<key>name</key>
			<string>Debug</string>
		</dict>
		<key>8BCC84011A0C597400BCAD61</key>
		<dict>
			<key>buildSettings</key>
			<dict>
				<key>ALWAYS_SEARCH_USER_PATHS</key>
				<string>NO</string>
				<key>CLANG_CXX_LANGUAGE_STANDARD</key>
				<string>gnu++0x</string>
				<key>CLANG_CXX_LIBRARY</key>
				<string>libc++</string>
				<key>CLANG_ENABLE_MODULES</key>
				<string>YES</string>
				<key>CLANG_ENABLE_OBJC_ARC</key>
				<string>YES</string>
				<key>CLANG_WARN_BOOL_CONVERSION</key>
				<string>YES</string>
				<key>CLANG_WARN_CONSTANT_CONVERSION</key>
				<string>YES</string>
				<key>CLANG_WARN_DIRECT_OBJC_ISA_USAGE</key>
				<string>YES_ERROR</string>
				<key>CLANG_WARN_EMPTY_BODY</key>
				<string>YES</string>
				<key>CLANG_WARN_ENUM_CONVERSION</key>
				<string>YES</string>
				<key>CLANG_WARN_INT_CONVERSION</key>
				<string>YES</string>
				<key>CLANG_WARN_OBJC_ROOT_CLASS</key>
				<string>YES_ERROR</string>
				<key>CLANG_WARN_UNREACHABLE_CODE</key>
				<string>YES</string>
				<key>CLANG_WARN__DUPLICATE_METHOD_MATCH</key>
				<string>YES</string>
				<key>CODE_SIGN_IDENTITY[sdk=iphoneos*]</key>
				<string>iPhone Developer</string>
				<key>COPY_PHASE_STRIP</key>
				<string>YES</string>
				<key>ENABLE_NS_ASSERTIONS</key>
				<string>NO</string>
				<key>ENABLE_STRICT_OBJC_MSGSEND</key>
				<string>YES</string>
				<key>GCC_C_LANGUAGE_STANDARD</key>
				<string>gnu99</string>
				<key>GCC_WARN_64_TO_32_BIT_CONVERSION</key>
				<string>YES</string>
				<key>GCC_WARN_ABOUT_RETURN_TYPE</key>
				<string>YES_ERROR</string>
				<key>GCC_WARN_UNDECLARED_SELECTOR</key>
				<string>YES</string>
				<key>GCC_WARN_UNINITIALIZED_AUTOS</key>
				<string>YES_AGGRESSIVE</string>
				<key>GCC_WARN_UNUSED_FUNCTION</key>
				<string>YES</string>
				<key>GCC_WARN_UNUSED_VARIABLE</key>
				<string>YES</string>
				<key>IPHONEOS_DEPLOYMENT_TARGET</key>
				<string>8.1</string>
				<key>MTL_ENABLE_DEBUG_INFO</key>
				<string>NO</string>
				<key>SDKROOT</key>
				<string>iphoneos</string>
				<key>VALIDATE_PRODUCT</key>
				<string>YES</string>
			</dict>
			<key>isa</key>
			<string>XCBuildConfiguration</string>
			<key>name</key>
			<string>Release</string>
		</dict>
		<key>8BCC84021A0C597400BCAD61</key>
		<dict>
			<key>buildConfigurations</key>
			<array>
				<string>8BCC84031A0C597400BCAD61</string>
				<string>8BCC84041A0C597400BCAD61</string>
			</array>
			<key>defaultConfigurationIsVisible</key>
			<string>0</string>
			<key>defaultConfigurationName</key>
			<string>Release</string>
			<key>isa</key>
			<string>XCConfigurationList</string>
		</dict>
		<key>8BCC84031A0C597400BCAD61</key>
		<dict>
			<key>baseConfigurationReference</key>
			<string>627E088BCD0F55DC980D4BE9</string>
			<key>buildSettings</key>
			<dict>
				<key>ASSETCATALOG_COMPILER_APPICON_NAME</key>
				<string>AppIcon</string>
				<key>FRAMEWORK_SEARCH_PATHS</key>
				<array>
					<string>$(inherited)</string>
					<string>$(PROJECT_DIR)/TrapSniper</string>
				</array>
				<key>INFOPLIST_FILE</key>
				<string>TrapSniper/Info.plist</string>
				<key>LD_RUNPATH_SEARCH_PATHS</key>
				<string>$(inherited) @executable_path/Frameworks</string>
				<key>PRODUCT_NAME</key>
				<string>$(TARGET_NAME)</string>
			</dict>
			<key>isa</key>
			<string>XCBuildConfiguration</string>
			<key>name</key>
			<string>Debug</string>
		</dict>
		<key>8BCC84041A0C597400BCAD61</key>
		<dict>
			<key>baseConfigurationReference</key>
			<string>0067AC815CFE1D94623E6136</string>
			<key>buildSettings</key>
			<dict>
				<key>ASSETCATALOG_COMPILER_APPICON_NAME</key>
				<string>AppIcon</string>
				<key>FRAMEWORK_SEARCH_PATHS</key>
				<array>
					<string>$(inherited)</string>
					<string>$(PROJECT_DIR)/TrapSniper</string>
				</array>
				<key>INFOPLIST_FILE</key>
				<string>TrapSniper/Info.plist</string>
				<key>LD_RUNPATH_SEARCH_PATHS</key>
				<string>$(inherited) @executable_path/Frameworks</string>
				<key>PRODUCT_NAME</key>
				<string>$(TARGET_NAME)</string>
			</dict>
			<key>isa</key>
			<string>XCBuildConfiguration</string>
			<key>name</key>
			<string>Release</string>
		</dict>
		<key>8BCC84051A0C597400BCAD61</key>
		<dict>
			<key>buildConfigurations</key>
			<array>
				<string>8BCC84061A0C597400BCAD61</string>
				<string>8BCC84071A0C597400BCAD61</string>
			</array>
			<key>defaultConfigurationIsVisible</key>
			<string>0</string>
			<key>defaultConfigurationName</key>
			<string>Release</string>
			<key>isa</key>
			<string>XCConfigurationList</string>
		</dict>
		<key>8BCC84061A0C597400BCAD61</key>
		<dict>
			<key>buildSettings</key>
			<dict>
				<key>BUNDLE_LOADER</key>
				<string>$(TEST_HOST)</string>
				<key>FRAMEWORK_SEARCH_PATHS</key>
				<array>
					<string>$(SDKROOT)/Developer/Library/Frameworks</string>
					<string>$(inherited)</string>
				</array>
				<key>GCC_PREPROCESSOR_DEFINITIONS</key>
				<array>
					<string>DEBUG=1</string>
					<string>$(inherited)</string>
				</array>
				<key>INFOPLIST_FILE</key>
				<string>TrapSniperTests/Info.plist</string>
				<key>LD_RUNPATH_SEARCH_PATHS</key>
				<string>$(inherited) @executable_path/Frameworks @loader_path/Frameworks</string>
				<key>PRODUCT_NAME</key>
				<string>$(TARGET_NAME)</string>
				<key>TEST_HOST</key>
				<string>$(BUILT_PRODUCTS_DIR)/TrapSniper.app/TrapSniper</string>
			</dict>
			<key>isa</key>
			<string>XCBuildConfiguration</string>
			<key>name</key>
			<string>Debug</string>
		</dict>
		<key>8BCC84071A0C597400BCAD61</key>
		<dict>
			<key>buildSettings</key>
			<dict>
				<key>BUNDLE_LOADER</key>
				<string>$(TEST_HOST)</string>
				<key>FRAMEWORK_SEARCH_PATHS</key>
				<array>
					<string>$(SDKROOT)/Developer/Library/Frameworks</string>
					<string>$(inherited)</string>
				</array>
				<key>INFOPLIST_FILE</key>
				<string>TrapSniperTests/Info.plist</string>
				<key>LD_RUNPATH_SEARCH_PATHS</key>
				<string>$(inherited) @executable_path/Frameworks @loader_path/Frameworks</string>
				<key>PRODUCT_NAME</key>
				<string>$(TARGET_NAME)</string>
				<key>TEST_HOST</key>
				<string>$(BUILT_PRODUCTS_DIR)/TrapSniper.app/TrapSniper</string>
			</dict>
			<key>isa</key>
			<string>XCBuildConfiguration</string>
			<key>name</key>
			<string>Release</string>
		</dict>
		<key>8BCC84081A0C5BD500BCAD61</key>
		<dict>
			<key>isa</key>
			<string>PBXFileReference</string>
			<key>lastKnownFileType</key>
			<string>wrapper.framework</string>
			<key>path</key>
			<string>Bolts.framework</string>
			<key>sourceTree</key>
			<string>&lt;group&gt;</string>
		</dict>
		<key>8BCC84091A0C5BD500BCAD61</key>
		<dict>
			<key>isa</key>
			<string>PBXFileReference</string>
			<key>lastKnownFileType</key>
			<string>wrapper.framework</string>
			<key>path</key>
			<string>Parse.framework</string>
			<key>sourceTree</key>
			<string>&lt;group&gt;</string>
		</dict>
		<key>8BCC840A1A0C5BD500BCAD61</key>
		<dict>
			<key>fileRef</key>
			<string>8BCC84081A0C5BD500BCAD61</string>
			<key>isa</key>
			<string>PBXBuildFile</string>
		</dict>
		<key>8BCC840B1A0C5BD500BCAD61</key>
		<dict>
			<key>fileRef</key>
			<string>8BCC84091A0C5BD500BCAD61</string>
			<key>isa</key>
			<string>PBXBuildFile</string>
		</dict>
		<key>8BCC840C1A0C5CB700BCAD61</key>
		<dict>
			<key>isa</key>
			<string>PBXFileReference</string>
			<key>lastKnownFileType</key>
			<string>wrapper.framework</string>
			<key>name</key>
			<string>AudioToolbox.framework</string>
			<key>path</key>
			<string>System/Library/Frameworks/AudioToolbox.framework</string>
			<key>sourceTree</key>
			<string>SDKROOT</string>
		</dict>
		<key>8BCC840D1A0C5CB700BCAD61</key>
		<dict>
			<key>isa</key>
			<string>PBXFileReference</string>
			<key>lastKnownFileType</key>
			<string>wrapper.framework</string>
			<key>name</key>
			<string>CFNetwork.framework</string>
			<key>path</key>
			<string>System/Library/Frameworks/CFNetwork.framework</string>
			<key>sourceTree</key>
			<string>SDKROOT</string>
		</dict>
		<key>8BCC840E1A0C5CB700BCAD61</key>
		<dict>
			<key>isa</key>
			<string>PBXFileReference</string>
			<key>lastKnownFileType</key>
			<string>wrapper.framework</string>
			<key>name</key>
			<string>CoreGraphics.framework</string>
			<key>path</key>
			<string>System/Library/Frameworks/CoreGraphics.framework</string>
			<key>sourceTree</key>
			<string>SDKROOT</string>
		</dict>
		<key>8BCC840F1A0C5CB700BCAD61</key>
		<dict>
			<key>isa</key>
			<string>PBXFileReference</string>
			<key>lastKnownFileType</key>
			<string>wrapper.framework</string>
			<key>name</key>
			<string>CoreLocation.framework</string>
			<key>path</key>
			<string>System/Library/Frameworks/CoreLocation.framework</string>
			<key>sourceTree</key>
			<string>SDKROOT</string>
		</dict>
		<key>8BCC84101A0C5CB700BCAD61</key>
		<dict>
			<key>isa</key>
			<string>PBXFileReference</string>
			<key>lastKnownFileType</key>
			<string>compiled.mach-o.dylib</string>
			<key>name</key>
			<string>libz.dylib</string>
			<key>path</key>
			<string>usr/lib/libz.dylib</string>
			<key>sourceTree</key>
			<string>SDKROOT</string>
		</dict>
		<key>8BCC84111A0C5CB700BCAD61</key>
		<dict>
			<key>isa</key>
			<string>PBXFileReference</string>
			<key>lastKnownFileType</key>
			<string>wrapper.framework</string>
			<key>name</key>
			<string>MapKit.framework</string>
			<key>path</key>
			<string>System/Library/Frameworks/MapKit.framework</string>
			<key>sourceTree</key>
			<string>SDKROOT</string>
		</dict>
		<key>8BCC84121A0C5CB700BCAD61</key>
		<dict>
			<key>isa</key>
			<string>PBXFileReference</string>
			<key>lastKnownFileType</key>
			<string>wrapper.framework</string>
			<key>name</key>
			<string>MobileCoreServices.framework</string>
			<key>path</key>
			<string>System/Library/Frameworks/MobileCoreServices.framework</string>
			<key>sourceTree</key>
			<string>SDKROOT</string>
		</dict>
		<key>8BCC84131A0C5CB700BCAD61</key>
		<dict>
			<key>isa</key>
			<string>PBXFileReference</string>
			<key>lastKnownFileType</key>
			<string>wrapper.framework</string>
			<key>name</key>
			<string>QuartzCore.framework</string>
			<key>path</key>
			<string>System/Library/Frameworks/QuartzCore.framework</string>
			<key>sourceTree</key>
			<string>SDKROOT</string>
		</dict>
		<key>8BCC84141A0C5CB700BCAD61</key>
		<dict>
			<key>isa</key>
			<string>PBXFileReference</string>
			<key>lastKnownFileType</key>
			<string>wrapper.framework</string>
			<key>name</key>
			<string>Security.framework</string>
			<key>path</key>
			<string>System/Library/Frameworks/Security.framework</string>
			<key>sourceTree</key>
			<string>SDKROOT</string>
		</dict>
		<key>8BCC84151A0C5CB700BCAD61</key>
		<dict>
			<key>isa</key>
			<string>PBXFileReference</string>
			<key>lastKnownFileType</key>
			<string>wrapper.framework</string>
			<key>name</key>
			<string>StoreKit.framework</string>
			<key>path</key>
			<string>System/Library/Frameworks/StoreKit.framework</string>
			<key>sourceTree</key>
			<string>SDKROOT</string>
		</dict>
		<key>8BCC84161A0C5CB700BCAD61</key>
		<dict>
			<key>isa</key>
			<string>PBXFileReference</string>
			<key>lastKnownFileType</key>
			<string>wrapper.framework</string>
			<key>name</key>
			<string>SystemConfiguration.framework</string>
			<key>path</key>
			<string>System/Library/Frameworks/SystemConfiguration.framework</string>
			<key>sourceTree</key>
			<string>SDKROOT</string>
		</dict>
		<key>8BCC84171A0C5CB700BCAD61</key>
		<dict>
			<key>fileRef</key>
			<string>8BCC840C1A0C5CB700BCAD61</string>
			<key>isa</key>
			<string>PBXBuildFile</string>
		</dict>
		<key>8BCC84181A0C5CB700BCAD61</key>
		<dict>
			<key>fileRef</key>
			<string>8BCC840D1A0C5CB700BCAD61</string>
			<key>isa</key>
			<string>PBXBuildFile</string>
		</dict>
		<key>8BCC84191A0C5CB700BCAD61</key>
		<dict>
			<key>fileRef</key>
			<string>8BCC840E1A0C5CB700BCAD61</string>
			<key>isa</key>
			<string>PBXBuildFile</string>
		</dict>
		<key>8BCC841A1A0C5CB700BCAD61</key>
		<dict>
			<key>fileRef</key>
			<string>8BCC840F1A0C5CB700BCAD61</string>
			<key>isa</key>
			<string>PBXBuildFile</string>
		</dict>
		<key>8BCC841B1A0C5CB700BCAD61</key>
		<dict>
			<key>fileRef</key>
			<string>8BCC84101A0C5CB700BCAD61</string>
			<key>isa</key>
			<string>PBXBuildFile</string>
		</dict>
		<key>8BCC841C1A0C5CB700BCAD61</key>
		<dict>
			<key>fileRef</key>
			<string>8BCC84111A0C5CB700BCAD61</string>
			<key>isa</key>
			<string>PBXBuildFile</string>
		</dict>
		<key>8BCC841D1A0C5CB700BCAD61</key>
		<dict>
			<key>fileRef</key>
			<string>8BCC84121A0C5CB700BCAD61</string>
			<key>isa</key>
			<string>PBXBuildFile</string>
		</dict>
		<key>8BCC841E1A0C5CB700BCAD61</key>
		<dict>
			<key>fileRef</key>
			<string>8BCC84131A0C5CB700BCAD61</string>
			<key>isa</key>
			<string>PBXBuildFile</string>
		</dict>
		<key>8BCC841F1A0C5CB700BCAD61</key>
		<dict>
			<key>fileRef</key>
			<string>8BCC84141A0C5CB700BCAD61</string>
			<key>isa</key>
			<string>PBXBuildFile</string>
		</dict>
		<key>8BCC84201A0C5CB700BCAD61</key>
		<dict>
			<key>fileRef</key>
			<string>8BCC84151A0C5CB700BCAD61</string>
			<key>isa</key>
			<string>PBXBuildFile</string>
		</dict>
		<key>8BCC84211A0C5CB700BCAD61</key>
		<dict>
			<key>fileRef</key>
			<string>8BCC84161A0C5CB700BCAD61</string>
			<key>isa</key>
			<string>PBXBuildFile</string>
		</dict>
		<key>8BCC84251A0C840100BCAD61</key>
		<dict>
			<key>fileEncoding</key>
			<string>4</string>
			<key>isa</key>
			<string>PBXFileReference</string>
			<key>lastKnownFileType</key>
			<string>sourcecode.c.h</string>
			<key>path</key>
			<string>Trap.h</string>
			<key>sourceTree</key>
			<string>&lt;group&gt;</string>
		</dict>
		<key>8BCC84261A0C840100BCAD61</key>
		<dict>
			<key>fileEncoding</key>
			<string>4</string>
			<key>isa</key>
			<string>PBXFileReference</string>
			<key>lastKnownFileType</key>
			<string>sourcecode.c.objc</string>
			<key>path</key>
			<string>Trap.m</string>
			<key>sourceTree</key>
			<string>&lt;group&gt;</string>
		</dict>
		<key>8BCC84271A0C840100BCAD61</key>
		<dict>
			<key>fileRef</key>
			<string>8BCC84261A0C840100BCAD61</string>
			<key>isa</key>
			<string>PBXBuildFile</string>
		</dict>
		<key>8BCC84281A0D068B00BCAD61</key>
		<dict>
			<key>fileEncoding</key>
			<string>4</string>
			<key>isa</key>
			<string>PBXFileReference</string>
			<key>lastKnownFileType</key>
			<string>sourcecode.c.h</string>
			<key>path</key>
			<string>TrapsMapViewController.h</string>
			<key>sourceTree</key>
			<string>&lt;group&gt;</string>
		</dict>
		<key>8BCC84291A0D068B00BCAD61</key>
		<dict>
			<key>fileEncoding</key>
			<string>4</string>
			<key>isa</key>
			<string>PBXFileReference</string>
			<key>lastKnownFileType</key>
			<string>sourcecode.c.objc</string>
			<key>path</key>
			<string>TrapsMapViewController.m</string>
			<key>sourceTree</key>
			<string>&lt;group&gt;</string>
		</dict>
		<key>8BCC842A1A0D068B00BCAD61</key>
		<dict>
			<key>fileRef</key>
			<string>8BCC84291A0D068B00BCAD61</string>
			<key>isa</key>
			<string>PBXBuildFile</string>
		</dict>
		<key>92B2BE2E9F69D6B0743E3409</key>
		<dict>
			<key>children</key>
			<array>
				<string>627E088BCD0F55DC980D4BE9</string>
				<string>0067AC815CFE1D94623E6136</string>
			</array>
			<key>isa</key>
			<string>PBXGroup</string>
			<key>name</key>
			<string>Pods</string>
			<key>sourceTree</key>
			<string>&lt;group&gt;</string>
		</dict>
		<key>A4C64FB7F074740271598C8D</key>
		<dict>
			<key>buildActionMask</key>
			<string>2147483647</string>
			<key>files</key>
			<array/>
			<key>inputPaths</key>
			<array/>
			<key>isa</key>
			<string>PBXShellScriptBuildPhase</string>
			<key>name</key>
			<string>Copy Pods Resources</string>
			<key>outputPaths</key>
			<array/>
			<key>runOnlyForDeploymentPostprocessing</key>
			<string>0</string>
			<key>shellPath</key>
			<string>/bin/sh</string>
			<key>shellScript</key>
			<string>"${SRCROOT}/Pods/Target Support Files/Pods/Pods-resources.sh"
</string>
			<key>showEnvVarsInLog</key>
			<string>0</string>
		</dict>
		<key>AF4DC10836B439FC41783E8A</key>
		<dict>
			<key>explicitFileType</key>
			<string>archive.ar</string>
			<key>includeInIndex</key>
			<string>0</string>
			<key>isa</key>
			<string>PBXFileReference</string>
			<key>path</key>
			<string>libPods.a</string>
			<key>sourceTree</key>
			<string>BUILT_PRODUCTS_DIR</string>
		</dict>
		<key>F618B075A4D7852D176211C8</key>
		<dict>
			<key>fileRef</key>
			<string>AF4DC10836B439FC41783E8A</string>
			<key>isa</key>
			<string>PBXBuildFile</string>
		</dict>
	</dict>
	<key>rootObject</key>
	<string>8BCC83D71A0C597400BCAD61</string>
</dict>
</plist>
